
Microsoft Visual Studio Solution File, Format Version 12.00
# Visual Studio Version 16
VisualStudioVersion = 16.0.29418.71
MinimumVisualStudioVersion = 10.0.40219.1
Project("{FAE04EC0-301F-11D3-BF4B-00C04F79EFBC}") = "DocuSign.MyHR", "DocuSign.MyHR\DocuSign.MyHR.csproj", "{C39AFB37-8391-4CF4-B90F-F75A07C5BD9E}"
EndProject
Global
	GlobalSection(SolutionConfigurationPlatforms) = preSolution
		Debug|Any CPU = Debug|Any CPU
		Release|Any CPU = Release|Any CPU
	EndGlobalSection
	GlobalSection(ProjectConfigurationPlatforms) = postSolution
		{C39AFB37-8391-4CF4-B90F-F75A07C5BD9E}.Debug|Any CPU.ActiveCfg = Debug|Any CPU
		{C39AFB37-8391-4CF4-B90F-F75A07C5BD9E}.Debug|Any CPU.Build.0 = Debug|Any CPU
		{C39AFB37-8391-4CF4-B90F-F75A07C5BD9E}.Release|Any CPU.ActiveCfg = Release|Any CPU
		{C39AFB37-8391-4CF4-B90F-F75A07C5BD9E}.Release|Any CPU.Build.0 = Release|Any CPU
	EndGlobalSection
	GlobalSection(SolutionProperties) = preSolution
		HideSolutionNode = FALSE
	EndGlobalSection
	GlobalSection(ExtensibilityGlobals) = postSolution
		SolutionGuid = {096A67F7-9B08-4A08-918A-B0F8F319E957}
	EndGlobalSection
EndGlobal
